<?xml version="1.0" encoding="utf-8"?>
<Project ToolsVersion="4.0" xmlns="http://schemas.microsoft.com/developer/msbuild/2003">
  <ItemGroup>
    <Filter Include="Source Files">
      <UniqueIdentifier>{4FC737F1-C7A5-4376-A066-2A32D752A2FF}</UniqueIdentifier>
      <Extensions>cpp;c;cc;cxx;def;odl;idl;hpj;bat;asm;asmx</Extensions>
    </Filter>
    <Filter Include="Header Files">
      <UniqueIdentifier>{93995380-89BD-4b04-88EB-625FBE52EBFB}</UniqueIdentifier>
      <Extensions>h;hh;hpp;hxx;hm;inl;inc;xsd</Extensions>
    </Filter>
    <Filter Include="Resource Files">
      <UniqueIdentifier>{67DA6AB6-F800-4c08-8B7A-83BB121AAD01}</UniqueIdentifier>
      <Extensions>rc;ico;cur;bmp;dlg;rc2;rct;bin;rgs;gif;jpg;jpeg;jpe;resx;tiff;tif;png;wav;mfcribbon-ms</Extensions>
    </Filter>
  </ItemGroup>
  <ItemGroup>
    <ClInclude Include="stdafx.h">
      <Filter>Header Files</Filter>
    </ClInclude>
    <ClInclude Include="targetver.h">
      <Filter>Header Files</Filter>
    </ClInclude>
    <ClInclude Include="GettingGaussianByBoxMueller.h">
      <Filter>Header Files</Filter>
    </ClInclude>
    <ClInclude Include="Payoff.h">
      <Filter>Header Files</Filter>
    </ClInclude>
    <ClInclude Include="PayoffCall.h">
      <Filter>Header Files</Filter>
    </ClInclude>
    <ClInclude Include="PayoffPut.h">
      <Filter>Header Files</Filter>
    </ClInclude>
    <ClInclude Include="Vanilla.h">
      <Filter>Header Files</Filter>
    </ClInclude>
    <ClInclude Include="ArithmeticAsian.h">
      <Filter>Header Files</Filter>
    </ClInclude>
    <ClInclude Include="Barrier.h">
      <Filter>Header Files</Filter>
    </ClInclude>
    <ClInclude Include="ConstantDividend.h">
      <Filter>Header Files</Filter>
    </ClInclude>
    <ClInclude Include="ConstantVolatility.h">
      <Filter>Header Files</Filter>
    </ClInclude>
    <ClInclude Include="Dividend.h">
      <Filter>Header Files</Filter>
    </ClInclude>
    <ClInclude Include="DoubleKnockInBarrier.h">
      <Filter>Header Files</Filter>
    </ClInclude>
    <ClInclude Include="DoubleKnockOutBarrier.h">
      <Filter>Header Files</Filter>
    </ClInclude>
    <ClInclude Include="DownAndInBarrier.h">
      <Filter>Header Files</Filter>
    </ClInclude>
    <ClInclude Include="DownAndOutBarrier.h">
      <Filter>Header Files</Filter>
    </ClInclude>
    <ClInclude Include="GeometricAsian.h">
      <Filter>Header Files</Filter>
    </ClInclude>
    <ClInclude Include="HestonVolatility.h">
      <Filter>Header Files</Filter>
    </ClInclude>
    <ClInclude Include="LognormalDividend.h">
      <Filter>Header Files</Filter>
    </ClInclude>
    <ClInclude Include="NoBarrier.h">
      <Filter>Header Files</Filter>
    </ClInclude>
    <ClInclude Include="Pseudo_Random_Generator.h">
      <Filter>Header Files</Filter>
    </ClInclude>
    <ClInclude Include="Quasi_Random_Generator.h">
      <Filter>Header Files</Filter>
    </ClInclude>
    <ClInclude Include="Rate.h">
      <Filter>Header Files</Filter>
    </ClInclude>
    <ClInclude Include="RateBDT.h">
      <Filter>Header Files</Filter>
    </ClInclude>
    <ClInclude Include="RateCIR.h">
      <Filter>Header Files</Filter>
    </ClInclude>
    <ClInclude Include="RateConstant.h">
      <Filter>Header Files</Filter>
    </ClInclude>
    <ClInclude Include="RateHoLee.h">
      <Filter>Header Files</Filter>
    </ClInclude>
    <ClInclude Include="RateHWCIR.h">
      <Filter>Header Files</Filter>
    </ClInclude>
    <ClInclude Include="RateHWVasicek.h">
      <Filter>Header Files</Filter>
    </ClInclude>
    <ClInclude Include="RateVasicek.h">
      <Filter>Header Files</Filter>
    </ClInclude>
    <ClInclude Include="Stratified_Random_Generator.h">
      <Filter>Header Files</Filter>
    </ClInclude>
    <ClInclude Include="Uniform_Generator.h">
      <Filter>Header Files</Filter>
    </ClInclude>
    <ClInclude Include="UpAndInBarrier.h">
      <Filter>Header Files</Filter>
    </ClInclude>
    <ClInclude Include="UpAndOutBarrier.h">
      <Filter>Header Files</Filter>
    </ClInclude>
    <ClInclude Include="Volatility.h">
      <Filter>Header Files</Filter>
    </ClInclude>
    <ClInclude Include="PathDependency.h">
      <Filter>Header Files</Filter>
    </ClInclude>
    <ClInclude Include="PathIndependent.h">
      <Filter>Header Files</Filter>
    </ClInclude>
    <ClInclude Include="EuropeanExcercise.h">
      <Filter>Header Files</Filter>
    </ClInclude>
    <ClInclude Include="EuropeanExcerciseBarrier.h">
      <Filter>Header Files</Filter>
    </ClInclude>
    <ClInclude Include="EuropeanExcerciseBarrierPathDependent.h">
      <Filter>Header Files</Filter>
    </ClInclude>
    <ClInclude Include="EuropeanExcercisePathDependent.h">
      <Filter>Header Files</Filter>
    </ClInclude>
    <ClInclude Include="Excercise.h">
      <Filter>Header Files</Filter>
    </ClInclude>
    <ClInclude Include="Simulation.h">
      <Filter>Header Files</Filter>
    </ClInclude>
    <ClInclude Include="EarlyExcercise.h">
      <Filter>Header Files</Filter>
    </ClInclude>
    <ClInclude Include="EarlyExcerciseBarrier.h">
      <Filter>Header Files</Filter>
    </ClInclude>
    <ClInclude Include="EarlyExcercisePathDependent.h">
      <Filter>Header Files</Filter>
    </ClInclude>
    <ClInclude Include="EarlyExcerciseRateVol.h">
      <Filter>Header Files</Filter>
    </ClInclude>
    <ClInclude Include="EarlyExcerciseRateVolBarrier.h">
      <Filter>Header Files</Filter>
    </ClInclude>
    <ClInclude Include="EarlyExcerciseRateVolPathDependent.h">
      <Filter>Header Files</Filter>
    </ClInclude>
    <ClInclude Include="EarlyExcerciseRateVolPathDependentBarrier.h">
      <Filter>Header Files</Filter>
    </ClInclude>
    <ClInclude Include="Regression.h">
      <Filter>Header Files</Filter>
    </ClInclude>
    <ClInclude Include="cubicfit.h">
      <Filter>Header Files</Filter>
    </ClInclude>
    <ClInclude Include="cubicfit1.h">
      <Filter>Header Files</Filter>
    </ClInclude>
    <ClInclude Include="cubicfitratevolstock.h">
      <Filter>Header Files</Filter>
    </ClInclude>
    <ClInclude Include="cubicfitratevolstockpathdependent.h">
      <Filter>Header Files</Filter>
    </ClInclude>
    <ClInclude Include="cubicfitratevolstockpathdependentbarrier.h">
      <Filter>Header Files</Filter>
    </ClInclude>
  </ItemGroup>
  <ItemGroup>
    <ClCompile Include="stdafx.cpp">
      <Filter>Source Files</Filter>
    </ClCompile>
    <ClCompile Include="SuperProject.cpp">
      <Filter>Source Files</Filter>
    </ClCompile>
    <ClCompile Include="GettingGaussianByBoxMueller.cpp">
      <Filter>Source Files</Filter>
    </ClCompile>
    <ClCompile Include="PayoffCall.cpp">
      <Filter>Source Files</Filter>
    </ClCompile>
    <ClCompile Include="PayoffPut.cpp">
      <Filter>Source Files</Filter>
    </ClCompile>
    <ClCompile Include="Vanilla.cpp">
      <Filter>Source Files</Filter>
    </ClCompile>
    <ClCompile Include="ArithmeticAsian.cpp">
      <Filter>Source Files</Filter>
    </ClCompile>
    <ClCompile Include="ConstantDividend.cpp">
      <Filter>Source Files</Filter>
    </ClCompile>
    <ClCompile Include="ConstantVolatility.cpp">
      <Filter>Source Files</Filter>
    </ClCompile>
    <ClCompile Include="DoubleKnockInBarrier.cpp">
      <Filter>Source Files</Filter>
    </ClCompile>
    <ClCompile Include="DoubleKnockOutBarrier.cpp">
      <Filter>Source Files</Filter>
    </ClCompile>
    <ClCompile Include="DownAndInBarrier.cpp">
      <Filter>Source Files</Filter>
    </ClCompile>
    <ClCompile Include="DownAndOutBarrier.cpp">
      <Filter>Source Files</Filter>
    </ClCompile>
    <ClCompile Include="GeometricAsian.cpp">
      <Filter>Source Files</Filter>
    </ClCompile>
    <ClCompile Include="HestonVolatility.cpp">
      <Filter>Source Files</Filter>
    </ClCompile>
    <ClCompile Include="LognormalDividend.cpp">
      <Filter>Source Files</Filter>
    </ClCompile>
    <ClCompile Include="NoBarrier.cpp">
      <Filter>Source Files</Filter>
    </ClCompile>
    <ClCompile Include="Pseudo_Random_Generator.cpp">
      <Filter>Source Files</Filter>
    </ClCompile>
    <ClCompile Include="Quasi_Random_Generator.cpp">
      <Filter>Source Files</Filter>
    </ClCompile>
    <ClCompile Include="RateBDT.cpp">
      <Filter>Source Files</Filter>
    </ClCompile>
    <ClCompile Include="RateCIR.cpp">
      <Filter>Source Files</Filter>
    </ClCompile>
    <ClCompile Include="RateConstant.cpp">
      <Filter>Source Files</Filter>
    </ClCompile>
    <ClCompile Include="RateHoLee.cpp">
      <Filter>Source Files</Filter>
    </ClCompile>
    <ClCompile Include="RateHWCIR.cpp">
      <Filter>Source Files</Filter>
    </ClCompile>
    <ClCompile Include="RateHWVasicek.cpp">
      <Filter>Source Files</Filter>
    </ClCompile>
    <ClCompile Include="RateVasicek.cpp">
      <Filter>Source Files</Filter>
    </ClCompile>
    <ClCompile Include="Stratified_Random_Generator.cpp">
      <Filter>Source Files</Filter>
    </ClCompile>
    <ClCompile Include="UpAndInBarrier.cpp">
      <Filter>Source Files</Filter>
    </ClCompile>
    <ClCompile Include="UpAndOutBarrier.cpp">
      <Filter>Source Files</Filter>
    </ClCompile>
    <ClCompile Include="PathIndependent.cpp">
      <Filter>Source Files</Filter>
    </ClCompile>
    <ClCompile Include="EuropeanExcercise.cpp">
      <Filter>Source Files</Filter>
    </ClCompile>
    <ClCompile Include="EuropeanExcerciseBarrier.cpp">
      <Filter>Source Files</Filter>
    </ClCompile>
    <ClCompile Include="EuropeanExcerciseBarrierPathDependent.cpp">
      <Filter>Source Files</Filter>
    </ClCompile>
    <ClCompile Include="EuropeanExcercisePathDependent.cpp">
      <Filter>Source Files</Filter>
    </ClCompile>
    <ClCompile Include="Simulation.cpp">
      <Filter>Source Files</Filter>
    </ClCompile>
    <ClCompile Include="EarlyExcercise.cpp">
      <Filter>Source Files</Filter>
    </ClCompile>
    <ClCompile Include="EarlyExcerciseBarrier.cpp">
      <Filter>Source Files</Filter>
    </ClCompile>
    <ClCompile Include="EarlyExcercisePathDependent.cpp">
      <Filter>Source Files</Filter>
    </ClCompile>
    <ClCompile Include="EarlyExcerciseRateVol.cpp">
      <Filter>Source Files</Filter>
    </ClCompile>
    <ClCompile Include="EarlyExcerciseRateVolBarrier.cpp">
      <Filter>Source Files</Filter>
    </ClCompile>
    <ClCompile Include="EarlyExcerciseRateVolPathDependent.cpp">
      <Filter>Source Files</Filter>
    </ClCompile>
    <ClCompile Include="EarlyExcerciseRateVolPathDependentBarrier.cpp">
      <Filter>Source Files</Filter>
    </ClCompile>
    <ClCompile Include="Regression.cpp">
      <Filter>Source Files</Filter>
    </ClCompile>
    <ClCompile Include="cubicfit.cpp">
      <Filter>Source Files</Filter>
    </ClCompile>
    <ClCompile Include="cubicfit1.cpp">
      <Filter>Source Files</Filter>
    </ClCompile>
    <ClCompile Include="cubicfitratevolstock.cpp">
      <Filter>Source Files</Filter>
    </ClCompile>
    <ClCompile Include="cubicfitratevolstockpathdependent.cpp">
      <Filter>Source Files</Filter>
    </ClCompile>
    <ClCompile Include="cubicfitratevolstockpathdependentbarrier.cpp">
      <Filter>Source Files</Filter>
    </ClCompile>
  </ItemGroup>
</Project>